// !$*UTF8*$!
{
	archiveVersion = 1;
	classes = {
	};
	objectVersion = 56;
	objects = {

/* Begin PBXBuildFile section */
		5A0C8A0329859DB2002AF471 /* VKCup2022_FinalApp.swift in Sources */ = {isa = PBXBuildFile; fileRef = 5A0C8A0229859DB2002AF471 /* VKCup2022_FinalApp.swift */; };
		5A0C8A0729859DB4002AF471 /* Assets.xcassets in Resources */ = {isa = PBXBuildFile; fileRef = 5A0C8A0629859DB4002AF471 /* Assets.xcassets */; };
		5A0C8A0A29859DB4002AF471 /* Preview Assets.xcassets in Resources */ = {isa = PBXBuildFile; fileRef = 5A0C8A0929859DB4002AF471 /* Preview Assets.xcassets */; };
		5A0C8A1A29859EBF002AF471 /* View.swift in Sources */ = {isa = PBXBuildFile; fileRef = 5A0C8A1929859EBF002AF471 /* View.swift */; };
		5A0C8A1C29859ED8002AF471 /* Color.swift in Sources */ = {isa = PBXBuildFile; fileRef = 5A0C8A1B29859ED8002AF471 /* Color.swift */; };
		5A0C8A2329859FEF002AF471 /* AudioBufferService.swift in Sources */ = {isa = PBXBuildFile; fileRef = 5A0C8A2229859FEF002AF471 /* AudioBufferService.swift */; };
		5A0C8A252985A0F4002AF471 /* Audio.swift in Sources */ = {isa = PBXBuildFile; fileRef = 5A0C8A242985A0F4002AF471 /* Audio.swift */; };
		5A0C8A272985A171002AF471 /* AvAudioSessionManager.swift in Sources */ = {isa = PBXBuildFile; fileRef = 5A0C8A262985A171002AF471 /* AvAudioSessionManager.swift */; };
		5A0C8A292985A265002AF471 /* AudioRecorderManager.swift in Sources */ = {isa = PBXBuildFile; fileRef = 5A0C8A282985A265002AF471 /* AudioRecorderManager.swift */; };
		5A0C8A2B2985AA00002AF471 /* AudioPodcastViewComponent.swift in Sources */ = {isa = PBXBuildFile; fileRef = 5A0C8A2A2985AA00002AF471 /* AudioPodcastViewComponent.swift */; };
		5A0C8A2D2985AA36002AF471 /* AudioPlayerManger.swift in Sources */ = {isa = PBXBuildFile; fileRef = 5A0C8A2C2985AA36002AF471 /* AudioPlayerManger.swift */; };
		5A0C8A2F2985B346002AF471 /* AudioViewModel.swift in Sources */ = {isa = PBXBuildFile; fileRef = 5A0C8A2E2985B346002AF471 /* AudioViewModel.swift */; };
		5A0C8A312986B55D002AF471 /* AudioSimplesSlider.swift in Sources */ = {isa = PBXBuildFile; fileRef = 5A0C8A302986B55D002AF471 /* AudioSimplesSlider.swift */; };
		5A0C8A332987BD77002AF471 /* LoaderView.swift in Sources */ = {isa = PBXBuildFile; fileRef = 5A0C8A322987BD77002AF471 /* LoaderView.swift */; };
		5A0C8A382987CDC9002AF471 /* Mocks.swift in Sources */ = {isa = PBXBuildFile; fileRef = 5A0C8A372987CDC9002AF471 /* Mocks.swift */; };
		5A0C8A3D2987F987002AF471 /* RootView.swift in Sources */ = {isa = PBXBuildFile; fileRef = 5A0C8A3C2987F987002AF471 /* RootView.swift */; };
		5A0C8A3F2987FAAF002AF471 /* Image.swift in Sources */ = {isa = PBXBuildFile; fileRef = 5A0C8A3E2987FAAF002AF471 /* Image.swift */; };
		5A0C8A412988053F002AF471 /* AudioPinToolBarView.swift in Sources */ = {isa = PBXBuildFile; fileRef = 5A0C8A402988053F002AF471 /* AudioPinToolBarView.swift */; };
		5A6444832988477300044920 /* Post.swift in Sources */ = {isa = PBXBuildFile; fileRef = 5A6444822988477300044920 /* Post.swift */; };
		5A6444862988497600044920 /* HomeView.swift in Sources */ = {isa = PBXBuildFile; fileRef = 5A6444852988497600044920 /* HomeView.swift */; };
		5A644489298855CC00044920 /* PostStoryScrollSectionView.swift in Sources */ = {isa = PBXBuildFile; fileRef = 5A644488298855CC00044920 /* PostStoryScrollSectionView.swift */; };
		5A64448C298858A800044920 /* NukeUI in Frameworks */ = {isa = PBXBuildFile; productRef = 5A64448B298858A800044920 /* NukeUI */; };
		5A64448E298858DF00044920 /* NukeLazyImage.swift in Sources */ = {isa = PBXBuildFile; fileRef = 5A64448D298858DF00044920 /* NukeLazyImage.swift */; };
		5A6444902989223D00044920 /* Story.swift in Sources */ = {isa = PBXBuildFile; fileRef = 5A64448F2989223D00044920 /* Story.swift */; };
		5A644493298943A600044920 /* StoriesView.swift in Sources */ = {isa = PBXBuildFile; fileRef = 5A644492298943A600044920 /* StoriesView.swift */; };
		5A64449529894D1A00044920 /* SctickerView.swift in Sources */ = {isa = PBXBuildFile; fileRef = 5A64449429894D1A00044920 /* SctickerView.swift */; };
		5A64449729894E7B00044920 /* StickerSliderView.swift in Sources */ = {isa = PBXBuildFile; fileRef = 5A64449629894E7B00044920 /* StickerSliderView.swift */; };
		5A6444992989781300044920 /* StoryBodyView.swift in Sources */ = {isa = PBXBuildFile; fileRef = 5A6444982989781300044920 /* StoryBodyView.swift */; };
		5A64449B298A961900044920 /* RootViewModel.swift in Sources */ = {isa = PBXBuildFile; fileRef = 5A64449A298A961900044920 /* RootViewModel.swift */; };
		5A64449D298AA3D100044920 /* TestAnnimation.swift in Sources */ = {isa = PBXBuildFile; fileRef = 5A64449C298AA3D100044920 /* TestAnnimation.swift */; };
		5ADE620629883BA2001FDFA6 /* PostView.swift in Sources */ = {isa = PBXBuildFile; fileRef = 5ADE620529883BA2001FDFA6 /* PostView.swift */; };
/* End PBXBuildFile section */

/* Begin PBXFileReference section */
		5A0C89FF29859DB2002AF471 /* VKCup2022-Final.app */ = {isa = PBXFileReference; explicitFileType = wrapper.application; includeInIndex = 0; path = "VKCup2022-Final.app"; sourceTree = BUILT_PRODUCTS_DIR; };
		5A0C8A0229859DB2002AF471 /* VKCup2022_FinalApp.swift */ = {isa = PBXFileReference; lastKnownFileType = sourcecode.swift; path = VKCup2022_FinalApp.swift; sourceTree = "<group>"; };
		5A0C8A0629859DB4002AF471 /* Assets.xcassets */ = {isa = PBXFileReference; lastKnownFileType = folder.assetcatalog; path = Assets.xcassets; sourceTree = "<group>"; };
		5A0C8A0929859DB4002AF471 /* Preview Assets.xcassets */ = {isa = PBXFileReference; lastKnownFileType = folder.assetcatalog; path = "Preview Assets.xcassets"; sourceTree = "<group>"; };
		5A0C8A1929859EBF002AF471 /* View.swift */ = {isa = PBXFileReference; lastKnownFileType = sourcecode.swift; path = View.swift; sourceTree = "<group>"; };
		5A0C8A1B29859ED8002AF471 /* Color.swift */ = {isa = PBXFileReference; lastKnownFileType = sourcecode.swift; path = Color.swift; sourceTree = "<group>"; };
		5A0C8A2229859FEF002AF471 /* AudioBufferService.swift */ = {isa = PBXFileReference; lastKnownFileType = sourcecode.swift; path = AudioBufferService.swift; sourceTree = "<group>"; };
		5A0C8A242985A0F4002AF471 /* Audio.swift */ = {isa = PBXFileReference; lastKnownFileType = sourcecode.swift; path = Audio.swift; sourceTree = "<group>"; };
		5A0C8A262985A171002AF471 /* AvAudioSessionManager.swift */ = {isa = PBXFileReference; lastKnownFileType = sourcecode.swift; path = AvAudioSessionManager.swift; sourceTree = "<group>"; };
		5A0C8A282985A265002AF471 /* AudioRecorderManager.swift */ = {isa = PBXFileReference; lastKnownFileType = sourcecode.swift; path = AudioRecorderManager.swift; sourceTree = "<group>"; };
		5A0C8A2A2985AA00002AF471 /* AudioPodcastViewComponent.swift */ = {isa = PBXFileReference; lastKnownFileType = sourcecode.swift; path = AudioPodcastViewComponent.swift; sourceTree = "<group>"; };
		5A0C8A2C2985AA36002AF471 /* AudioPlayerManger.swift */ = {isa = PBXFileReference; lastKnownFileType = sourcecode.swift; path = AudioPlayerManger.swift; sourceTree = "<group>"; };
		5A0C8A2E2985B346002AF471 /* AudioViewModel.swift */ = {isa = PBXFileReference; lastKnownFileType = sourcecode.swift; path = AudioViewModel.swift; sourceTree = "<group>"; };
		5A0C8A302986B55D002AF471 /* AudioSimplesSlider.swift */ = {isa = PBXFileReference; lastKnownFileType = sourcecode.swift; path = AudioSimplesSlider.swift; sourceTree = "<group>"; };
		5A0C8A322987BD77002AF471 /* LoaderView.swift */ = {isa = PBXFileReference; lastKnownFileType = sourcecode.swift; path = LoaderView.swift; sourceTree = "<group>"; };
		5A0C8A372987CDC9002AF471 /* Mocks.swift */ = {isa = PBXFileReference; lastKnownFileType = sourcecode.swift; path = Mocks.swift; sourceTree = "<group>"; };
		5A0C8A3C2987F987002AF471 /* RootView.swift */ = {isa = PBXFileReference; lastKnownFileType = sourcecode.swift; path = RootView.swift; sourceTree = "<group>"; };
		5A0C8A3E2987FAAF002AF471 /* Image.swift */ = {isa = PBXFileReference; lastKnownFileType = sourcecode.swift; path = Image.swift; sourceTree = "<group>"; };
		5A0C8A402988053F002AF471 /* AudioPinToolBarView.swift */ = {isa = PBXFileReference; lastKnownFileType = sourcecode.swift; path = AudioPinToolBarView.swift; sourceTree = "<group>"; };
		5A6444822988477300044920 /* Post.swift */ = {isa = PBXFileReference; lastKnownFileType = sourcecode.swift; path = Post.swift; sourceTree = "<group>"; };
		5A6444852988497600044920 /* HomeView.swift */ = {isa = PBXFileReference; lastKnownFileType = sourcecode.swift; path = HomeView.swift; sourceTree = "<group>"; };
		5A644488298855CC00044920 /* PostStoryScrollSectionView.swift */ = {isa = PBXFileReference; lastKnownFileType = sourcecode.swift; path = PostStoryScrollSectionView.swift; sourceTree = "<group>"; };
		5A64448D298858DF00044920 /* NukeLazyImage.swift */ = {isa = PBXFileReference; lastKnownFileType = sourcecode.swift; path = NukeLazyImage.swift; sourceTree = "<group>"; };
		5A64448F2989223D00044920 /* Story.swift */ = {isa = PBXFileReference; lastKnownFileType = sourcecode.swift; path = Story.swift; sourceTree = "<group>"; };
		5A644492298943A600044920 /* StoriesView.swift */ = {isa = PBXFileReference; lastKnownFileType = sourcecode.swift; path = StoriesView.swift; sourceTree = "<group>"; };
		5A64449429894D1A00044920 /* SctickerView.swift */ = {isa = PBXFileReference; lastKnownFileType = sourcecode.swift; path = SctickerView.swift; sourceTree = "<group>"; };
		5A64449629894E7B00044920 /* StickerSliderView.swift */ = {isa = PBXFileReference; lastKnownFileType = sourcecode.swift; path = StickerSliderView.swift; sourceTree = "<group>"; };
		5A6444982989781300044920 /* StoryBodyView.swift */ = {isa = PBXFileReference; lastKnownFileType = sourcecode.swift; path = StoryBodyView.swift; sourceTree = "<group>"; };
		5A64449A298A961900044920 /* RootViewModel.swift */ = {isa = PBXFileReference; lastKnownFileType = sourcecode.swift; path = RootViewModel.swift; sourceTree = "<group>"; };
		5A64449C298AA3D100044920 /* TestAnnimation.swift */ = {isa = PBXFileReference; lastKnownFileType = sourcecode.swift; path = TestAnnimation.swift; sourceTree = "<group>"; };
		5ADE620529883BA2001FDFA6 /* PostView.swift */ = {isa = PBXFileReference; lastKnownFileType = sourcecode.swift; path = PostView.swift; sourceTree = "<group>"; };
/* End PBXFileReference section */

/* Begin PBXFrameworksBuildPhase section */
		5A0C89FC29859DB2002AF471 /* Frameworks */ = {
			isa = PBXFrameworksBuildPhase;
			buildActionMask = 2147483647;
			files = (
				5A64448C298858A800044920 /* NukeUI in Frameworks */,
			);
			runOnlyForDeploymentPostprocessing = 0;
		};
/* End PBXFrameworksBuildPhase section */

/* Begin PBXGroup section */
		5A0C89F629859DB2002AF471 = {
			isa = PBXGroup;
			children = (
				5A0C8A0129859DB2002AF471 /* VKCup2022-Final */,
				5A0C8A0029859DB2002AF471 /* Products */,
			);
			sourceTree = "<group>";
		};
		5A0C8A0029859DB2002AF471 /* Products */ = {
			isa = PBXGroup;
			children = (
				5A0C89FF29859DB2002AF471 /* VKCup2022-Final.app */,
			);
			name = Products;
			sourceTree = "<group>";
		};
		5A0C8A0129859DB2002AF471 /* VKCup2022-Final */ = {
			isa = PBXGroup;
			children = (
				5A0C8A0229859DB2002AF471 /* VKCup2022_FinalApp.swift */,
				5A0C8A1E29859EF7002AF471 /* Services */,
				5A0C8A1D29859EEA002AF471 /* Views */,
				5A0C8A1829859EA2002AF471 /* ViewComponents */,
				5A0C8A1729859E8F002AF471 /* ViewModels */,
				5A0C8A1629859E72002AF471 /* Models */,
				5A0C8A1529859E6B002AF471 /* Utils */,
				5A0C8A0629859DB4002AF471 /* Assets.xcassets */,
				5A0C8A0829859DB4002AF471 /* Preview Content */,
			);
			path = "VKCup2022-Final";
			sourceTree = "<group>";
		};
		5A0C8A0829859DB4002AF471 /* Preview Content */ = {
			isa = PBXGroup;
			children = (
				5A0C8A0929859DB4002AF471 /* Preview Assets.xcassets */,
			);
			path = "Preview Content";
			sourceTree = "<group>";
		};
		5A0C8A1529859E6B002AF471 /* Utils */ = {
			isa = PBXGroup;
			children = (
				5A0C8A362987CDBF002AF471 /* Mocks */,
				5A0C8A1929859EBF002AF471 /* View.swift */,
				5A0C8A1B29859ED8002AF471 /* Color.swift */,
				5A0C8A3E2987FAAF002AF471 /* Image.swift */,
			);
			path = Utils;
			sourceTree = "<group>";
		};
		5A0C8A1629859E72002AF471 /* Models */ = {
			isa = PBXGroup;
			children = (
				5A0C8A242985A0F4002AF471 /* Audio.swift */,
				5A6444822988477300044920 /* Post.swift */,
				5A64448F2989223D00044920 /* Story.swift */,
			);
			path = Models;
			sourceTree = "<group>";
		};
		5A0C8A1729859E8F002AF471 /* ViewModels */ = {
			isa = PBXGroup;
			children = (
				5A0C8A2E2985B346002AF471 /* AudioViewModel.swift */,
				5A64449A298A961900044920 /* RootViewModel.swift */,
			);
			path = ViewModels;
			sourceTree = "<group>";
		};
		5A0C8A1829859EA2002AF471 /* ViewComponents */ = {
			isa = PBXGroup;
			children = (
				5A0C8A322987BD77002AF471 /* LoaderView.swift */,
				5A64448D298858DF00044920 /* NukeLazyImage.swift */,
				5A6444872988557100044920 /* PostStoryViewComponent */,
				5A0C8A352987BF0D002AF471 /* AudioComponents */,
			);
			path = ViewComponents;
			sourceTree = "<group>";
		};
		5A0C8A1D29859EEA002AF471 /* Views */ = {
			isa = PBXGroup;
			children = (
				5A6444912989437E00044920 /* ActivityView */,
				5A6444842988496E00044920 /* Home */,
				5A0C8A3B2987F975002AF471 /* RootView */,
				5A0C8A342987BEA9002AF471 /* PostView */,
			);
			path = Views;
			sourceTree = "<group>";
		};
		5A0C8A1E29859EF7002AF471 /* Services */ = {
			isa = PBXGroup;
			children = (
				5A0C8A2029859FDA002AF471 /* Audio */,
			);
			path = Services;
			sourceTree = "<group>";
		};
		5A0C8A2029859FDA002AF471 /* Audio */ = {
			isa = PBXGroup;
			children = (
				5A0C8A2229859FEF002AF471 /* AudioBufferService.swift */,
				5A0C8A262985A171002AF471 /* AvAudioSessionManager.swift */,
				5A0C8A282985A265002AF471 /* AudioRecorderManager.swift */,
				5A0C8A2C2985AA36002AF471 /* AudioPlayerManger.swift */,
			);
			path = Audio;
			sourceTree = "<group>";
		};
		5A0C8A342987BEA9002AF471 /* PostView */ = {
			isa = PBXGroup;
			children = (
				5ADE620529883BA2001FDFA6 /* PostView.swift */,
				5A64449C298AA3D100044920 /* TestAnnimation.swift */,
			);
			path = PostView;
			sourceTree = "<group>";
		};
		5A0C8A352987BF0D002AF471 /* AudioComponents */ = {
			isa = PBXGroup;
			children = (
				5A0C8A302986B55D002AF471 /* AudioSimplesSlider.swift */,
				5A0C8A2A2985AA00002AF471 /* AudioPodcastViewComponent.swift */,
				5A0C8A402988053F002AF471 /* AudioPinToolBarView.swift */,
			);
			path = AudioComponents;
			sourceTree = "<group>";
		};
		5A0C8A362987CDBF002AF471 /* Mocks */ = {
			isa = PBXGroup;
			children = (
				5A0C8A372987CDC9002AF471 /* Mocks.swift */,
			);
			path = Mocks;
			sourceTree = "<group>";
		};
		5A0C8A3B2987F975002AF471 /* RootView */ = {
			isa = PBXGroup;
			children = (
				5A0C8A3C2987F987002AF471 /* RootView.swift */,
			);
			path = RootView;
			sourceTree = "<group>";
		};
		5A6444842988496E00044920 /* Home */ = {
			isa = PBXGroup;
			children = (
				5A6444852988497600044920 /* HomeView.swift */,
			);
			path = Home;
			sourceTree = "<group>";
		};
		5A6444872988557100044920 /* PostStoryViewComponent */ = {
			isa = PBXGroup;
			children = (
				5A644488298855CC00044920 /* PostStoryScrollSectionView.swift */,
			);
			path = PostStoryViewComponent;
			sourceTree = "<group>";
		};
		5A6444912989437E00044920 /* ActivityView */ = {
			isa = PBXGroup;
			children = (
				5A644492298943A600044920 /* StoriesView.swift */,
				5A64449429894D1A00044920 /* SctickerView.swift */,
				5A64449629894E7B00044920 /* StickerSliderView.swift */,
				5A6444982989781300044920 /* StoryBodyView.swift */,
			);
			path = ActivityView;
			sourceTree = "<group>";
		};
/* End PBXGroup section */

/* Begin PBXNativeTarget section */
		5A0C89FE29859DB2002AF471 /* VKCup2022-Final */ = {
			isa = PBXNativeTarget;
			buildConfigurationList = 5A0C8A1229859DB4002AF471 /* Build configuration list for PBXNativeTarget "VKCup2022-Final" */;
			buildPhases = (
				5A0C89FB29859DB2002AF471 /* Sources */,
				5A0C89FC29859DB2002AF471 /* Frameworks */,
				5A0C89FD29859DB2002AF471 /* Resources */,
			);
			buildRules = (
			);
			dependencies = (
			);
			name = "VKCup2022-Final";
			packageProductDependencies = (
				5A64448B298858A800044920 /* NukeUI */,
			);
			productName = "VKCup2022-Final";
			productReference = 5A0C89FF29859DB2002AF471 /* VKCup2022-Final.app */;
			productType = "com.apple.product-type.application";
		};
/* End PBXNativeTarget section */

/* Begin PBXProject section */
		5A0C89F729859DB2002AF471 /* Project object */ = {
			isa = PBXProject;
			attributes = {
				BuildIndependentTargetsInParallel = 1;
				LastSwiftUpdateCheck = 1420;
				LastUpgradeCheck = 1420;
				TargetAttributes = {
					5A0C89FE29859DB2002AF471 = {
						CreatedOnToolsVersion = 14.2;
					};
				};
			};
			buildConfigurationList = 5A0C89FA29859DB2002AF471 /* Build configuration list for PBXProject "VKCup2022-Final" */;
			compatibilityVersion = "Xcode 14.0";
			developmentRegion = en;
			hasScannedForEncodings = 0;
			knownRegions = (
				en,
				Base,
			);
			mainGroup = 5A0C89F629859DB2002AF471;
			packageReferences = (
				5A64448A298858A800044920 /* XCRemoteSwiftPackageReference "NukeUI" */,
			);
			productRefGroup = 5A0C8A0029859DB2002AF471 /* Products */;
			projectDirPath = "";
			projectRoot = "";
			targets = (
				5A0C89FE29859DB2002AF471 /* VKCup2022-Final */,
			);
		};
/* End PBXProject section */

/* Begin PBXResourcesBuildPhase section */
		5A0C89FD29859DB2002AF471 /* Resources */ = {
			isa = PBXResourcesBuildPhase;
			buildActionMask = 2147483647;
			files = (
				5A0C8A0A29859DB4002AF471 /* Preview Assets.xcassets in Resources */,
				5A0C8A0729859DB4002AF471 /* Assets.xcassets in Resources */,
			);
			runOnlyForDeploymentPostprocessing = 0;
		};
/* End PBXResourcesBuildPhase section */

/* Begin PBXSourcesBuildPhase section */
		5A0C89FB29859DB2002AF471 /* Sources */ = {
			isa = PBXSourcesBuildPhase;
			buildActionMask = 2147483647;
			files = (
				5A64448E298858DF00044920 /* NukeLazyImage.swift in Sources */,
				5A0C8A292985A265002AF471 /* AudioRecorderManager.swift in Sources */,
				5A0C8A252985A0F4002AF471 /* Audio.swift in Sources */,
				5A6444992989781300044920 /* StoryBodyView.swift in Sources */,
				5A0C8A2329859FEF002AF471 /* AudioBufferService.swift in Sources */,
				5ADE620629883BA2001FDFA6 /* PostView.swift in Sources */,
				5A0C8A332987BD77002AF471 /* LoaderView.swift in Sources */,
				5A644493298943A600044920 /* StoriesView.swift in Sources */,
				5A644489298855CC00044920 /* PostStoryScrollSectionView.swift in Sources */,
				5A0C8A2D2985AA36002AF471 /* AudioPlayerManger.swift in Sources */,
				5A0C8A412988053F002AF471 /* AudioPinToolBarView.swift in Sources */,
				5A0C8A2F2985B346002AF471 /* AudioViewModel.swift in Sources */,
				5A0C8A312986B55D002AF471 /* AudioSimplesSlider.swift in Sources */,
				5A64449D298AA3D100044920 /* TestAnnimation.swift in Sources */,
				5A0C8A3D2987F987002AF471 /* RootView.swift in Sources */,
				5A0C8A1C29859ED8002AF471 /* Color.swift in Sources */,
				5A0C8A0329859DB2002AF471 /* VKCup2022_FinalApp.swift in Sources */,
				5A64449729894E7B00044920 /* StickerSliderView.swift in Sources */,
				5A6444902989223D00044920 /* Story.swift in Sources */,
				5A64449529894D1A00044920 /* SctickerView.swift in Sources */,
				5A6444862988497600044920 /* HomeView.swift in Sources */,
				5A0C8A3F2987FAAF002AF471 /* Image.swift in Sources */,
				5A0C8A1A29859EBF002AF471 /* View.swift in Sources */,
				5A0C8A382987CDC9002AF471 /* Mocks.swift in Sources */,
				5A6444832988477300044920 /* Post.swift in Sources */,
				5A0C8A2B2985AA00002AF471 /* AudioPodcastViewComponent.swift in Sources */,
				5A64449B298A961900044920 /* RootViewModel.swift in Sources */,
				5A0C8A272985A171002AF471 /* AvAudioSessionManager.swift in Sources */,
			);
			runOnlyForDeploymentPostprocessing = 0;
		};
/* End PBXSourcesBuildPhase section */

/* Begin XCBuildConfiguration section */
		5A0C8A1029859DB4002AF471 /* Debug */ = {
			isa = XCBuildConfiguration;
			buildSettings = {
				ALWAYS_SEARCH_USER_PATHS = NO;
				CLANG_ANALYZER_NONNULL = YES;
				CLANG_ANALYZER_NUMBER_OBJECT_CONVERSION = YES_AGGRESSIVE;
				CLANG_CXX_LANGUAGE_STANDARD = "gnu++20";
				CLANG_ENABLE_MODULES = YES;
				CLANG_ENABLE_OBJC_ARC = YES;
				CLANG_ENABLE_OBJC_WEAK = YES;
				CLANG_WARN_BLOCK_CAPTURE_AUTORELEASING = YES;
				CLANG_WARN_BOOL_CONVERSION = YES;
				CLANG_WARN_COMMA = YES;
				CLANG_WARN_CONSTANT_CONVERSION = YES;
				CLANG_WARN_DEPRECATED_OBJC_IMPLEMENTATIONS = YES;
				CLANG_WARN_DIRECT_OBJC_ISA_USAGE = YES_ERROR;
				CLANG_WARN_DOCUMENTATION_COMMENTS = YES;
				CLANG_WARN_EMPTY_BODY = YES;
				CLANG_WARN_ENUM_CONVERSION = YES;
				CLANG_WARN_INFINITE_RECURSION = YES;
				CLANG_WARN_INT_CONVERSION = YES;
				CLANG_WARN_NON_LITERAL_NULL_CONVERSION = YES;
				CLANG_WARN_OBJC_IMPLICIT_RETAIN_SELF = YES;
				CLANG_WARN_OBJC_LITERAL_CONVERSION = YES;
				CLANG_WARN_OBJC_ROOT_CLASS = YES_ERROR;
				CLANG_WARN_QUOTED_INCLUDE_IN_FRAMEWORK_HEADER = YES;
				CLANG_WARN_RANGE_LOOP_ANALYSIS = YES;
				CLANG_WARN_STRICT_PROTOTYPES = YES;
				CLANG_WARN_SUSPICIOUS_MOVE = YES;
				CLANG_WARN_UNGUARDED_AVAILABILITY = YES_AGGRESSIVE;
				CLANG_WARN_UNREACHABLE_CODE = YES;
				CLANG_WARN__DUPLICATE_METHOD_MATCH = YES;
				COPY_PHASE_STRIP = NO;
				DEBUG_INFORMATION_FORMAT = dwarf;
				ENABLE_STRICT_OBJC_MSGSEND = YES;
				ENABLE_TESTABILITY = YES;
				GCC_C_LANGUAGE_STANDARD = gnu11;
				GCC_DYNAMIC_NO_PIC = NO;
				GCC_NO_COMMON_BLOCKS = YES;
				GCC_OPTIMIZATION_LEVEL = 0;
				GCC_PREPROCESSOR_DEFINITIONS = (
					"DEBUG=1",
					"$(inherited)",
				);
				GCC_WARN_64_TO_32_BIT_CONVERSION = YES;
				GCC_WARN_ABOUT_RETURN_TYPE = YES_ERROR;
				GCC_WARN_UNDECLARED_SELECTOR = YES;
				GCC_WARN_UNINITIALIZED_AUTOS = YES_AGGRESSIVE;
				GCC_WARN_UNUSED_FUNCTION = YES;
				GCC_WARN_UNUSED_VARIABLE = YES;
				IPHONEOS_DEPLOYMENT_TARGET = 16.2;
				MTL_ENABLE_DEBUG_INFO = INCLUDE_SOURCE;
				MTL_FAST_MATH = YES;
				ONLY_ACTIVE_ARCH = YES;
				SDKROOT = iphoneos;
				SWIFT_ACTIVE_COMPILATION_CONDITIONS = DEBUG;
				SWIFT_OPTIMIZATION_LEVEL = "-Onone";
			};
			name = Debug;
		};
		5A0C8A1129859DB4002AF471 /* Release */ = {
			isa = XCBuildConfiguration;
			buildSettings = {
				ALWAYS_SEARCH_USER_PATHS = NO;
				CLANG_ANALYZER_NONNULL = YES;
				CLANG_ANALYZER_NUMBER_OBJECT_CONVERSION = YES_AGGRESSIVE;
				CLANG_CXX_LANGUAGE_STANDARD = "gnu++20";
				CLANG_ENABLE_MODULES = YES;
				CLANG_ENABLE_OBJC_ARC = YES;
				CLANG_ENABLE_OBJC_WEAK = YES;
				CLANG_WARN_BLOCK_CAPTURE_AUTORELEASING = YES;
				CLANG_WARN_BOOL_CONVERSION = YES;
				CLANG_WARN_COMMA = YES;
				CLANG_WARN_CONSTANT_CONVERSION = YES;
				CLANG_WARN_DEPRECATED_OBJC_IMPLEMENTATIONS = YES;
				CLANG_WARN_DIRECT_OBJC_ISA_USAGE = YES_ERROR;
				CLANG_WARN_DOCUMENTATION_COMMENTS = YES;
				CLANG_WARN_EMPTY_BODY = YES;
				CLANG_WARN_ENUM_CONVERSION = YES;
				CLANG_WARN_INFINITE_RECURSION = YES;
				CLANG_WARN_INT_CONVERSION = YES;
				CLANG_WARN_NON_LITERAL_NULL_CONVERSION = YES;
				CLANG_WARN_OBJC_IMPLICIT_RETAIN_SELF = YES;
				CLANG_WARN_OBJC_LITERAL_CONVERSION = YES;
				CLANG_WARN_OBJC_ROOT_CLASS = YES_ERROR;
				CLANG_WARN_QUOTED_INCLUDE_IN_FRAMEWORK_HEADER = YES;
				CLANG_WARN_RANGE_LOOP_ANALYSIS = YES;
				CLANG_WARN_STRICT_PROTOTYPES = YES;
				CLANG_WARN_SUSPICIOUS_MOVE = YES;
				CLANG_WARN_UNGUARDED_AVAILABILITY = YES_AGGRESSIVE;
				CLANG_WARN_UNREACHABLE_CODE = YES;
				CLANG_WARN__DUPLICATE_METHOD_MATCH = YES;
				COPY_PHASE_STRIP = NO;
				DEBUG_INFORMATION_FORMAT = "dwarf-with-dsym";
				ENABLE_NS_ASSERTIONS = NO;
				ENABLE_STRICT_OBJC_MSGSEND = YES;
				GCC_C_LANGUAGE_STANDARD = gnu11;
				GCC_NO_COMMON_BLOCKS = YES;
				GCC_WARN_64_TO_32_BIT_CONVERSION = YES;
				GCC_WARN_ABOUT_RETURN_TYPE = YES_ERROR;
				GCC_WARN_UNDECLARED_SELECTOR = YES;
				GCC_WARN_UNINITIALIZED_AUTOS = YES_AGGRESSIVE;
				GCC_WARN_UNUSED_FUNCTION = YES;
				GCC_WARN_UNUSED_VARIABLE = YES;
				IPHONEOS_DEPLOYMENT_TARGET = 16.2;
				MTL_ENABLE_DEBUG_INFO = NO;
				MTL_FAST_MATH = YES;
				SDKROOT = iphoneos;
				SWIFT_COMPILATION_MODE = wholemodule;
				SWIFT_OPTIMIZATION_LEVEL = "-O";
				VALIDATE_PRODUCT = YES;
			};
			name = Release;
		};
		5A0C8A1329859DB4002AF471 /* Debug */ = {
			isa = XCBuildConfiguration;
			buildSettings = {
				ASSETCATALOG_COMPILER_APPICON_NAME = AppIcon;
				ASSETCATALOG_COMPILER_GLOBAL_ACCENT_COLOR_NAME = AccentColor;
				CODE_SIGN_STYLE = Automatic;
				CURRENT_PROJECT_VERSION = 1;
				DEVELOPMENT_ASSET_PATHS = "\"VKCup2022-Final/Preview Content\"";
				DEVELOPMENT_TEAM = 92PU6D6MCQ;
				ENABLE_PREVIEWS = YES;
				GENERATE_INFOPLIST_FILE = YES;
				INFOPLIST_KEY_NSMicrophoneUsageDescription = "Нужно разрешение на использование микрофона для записи аудио";
				INFOPLIST_KEY_UIApplicationSceneManifest_Generation = YES;
				INFOPLIST_KEY_UIApplicationSupportsIndirectInputEvents = YES;
				INFOPLIST_KEY_UILaunchScreen_Generation = YES;
				INFOPLIST_KEY_UISupportedInterfaceOrientations = UIInterfaceOrientationPortrait;
				INFOPLIST_KEY_UISupportedInterfaceOrientations_iPad = "UIInterfaceOrientationLandscapeLeft UIInterfaceOrientationLandscapeRight UIInterfaceOrientationPortrait UIInterfaceOrientationPortraitUpsideDown";
				IPHONEOS_DEPLOYMENT_TARGET = 14.0;
				LD_RUNPATH_SEARCH_PATHS = (
					"$(inherited)",
					"@executable_path/Frameworks",
				);
				MARKETING_VERSION = 1.0;
				PRODUCT_BUNDLE_IDENTIFIER = "com.bogdanZyk.VKCup2022-Final";
				PRODUCT_NAME = "$(TARGET_NAME)";
				SUPPORTED_PLATFORMS = "iphoneos iphonesimulator";
				SUPPORTS_MACCATALYST = NO;
				SUPPORTS_MAC_DESIGNED_FOR_IPHONE_IPAD = NO;
				SWIFT_EMIT_LOC_STRINGS = YES;
				SWIFT_VERSION = 5.0;
				TARGETED_DEVICE_FAMILY = 1;
			};
			name = Debug;
		};
		5A0C8A1429859DB4002AF471 /* Release */ = {
			isa = XCBuildConfiguration;
			buildSettings = {
				ASSETCATALOG_COMPILER_APPICON_NAME = AppIcon;
				ASSETCATALOG_COMPILER_GLOBAL_ACCENT_COLOR_NAME = AccentColor;
				CODE_SIGN_STYLE = Automatic;
				CURRENT_PROJECT_VERSION = 1;
				DEVELOPMENT_ASSET_PATHS = "\"VKCup2022-Final/Preview Content\"";
				DEVELOPMENT_TEAM = 92PU6D6MCQ;
				ENABLE_PREVIEWS = YES;
				GENERATE_INFOPLIST_FILE = YES;
				INFOPLIST_KEY_NSMicrophoneUsageDescription = "Нужно разрешение на использование микрофона для записи аудио";
				INFOPLIST_KEY_UIApplicationSceneManifest_Generation = YES;
				INFOPLIST_KEY_UIApplicationSupportsIndirectInputEvents = YES;
				INFOPLIST_KEY_UILaunchScreen_Generation = YES;
				INFOPLIST_KEY_UISupportedInterfaceOrientations = UIInterfaceOrientationPortrait;
				INFOPLIST_KEY_UISupportedInterfaceOrientations_iPad = "UIInterfaceOrientationLandscapeLeft UIInterfaceOrientationLandscapeRight UIInterfaceOrientationPortrait UIInterfaceOrientationPortraitUpsideDown";
				IPHONEOS_DEPLOYMENT_TARGET = 14.0;
				LD_RUNPATH_SEARCH_PATHS = (
					"$(inherited)",
					"@executable_path/Frameworks",
				);
				MARKETING_VERSION = 1.0;
				PRODUCT_BUNDLE_IDENTIFIER = "com.bogdanZyk.VKCup2022-Final";
				PRODUCT_NAME = "$(TARGET_NAME)";
				SUPPORTED_PLATFORMS = "iphoneos iphonesimulator";
				SUPPORTS_MACCATALYST = NO;
				SUPPORTS_MAC_DESIGNED_FOR_IPHONE_IPAD = NO;
				SWIFT_EMIT_LOC_STRINGS = YES;
				SWIFT_VERSION = 5.0;
				TARGETED_DEVICE_FAMILY = 1;
			};
			name = Release;
		};
/* End XCBuildConfiguration section */

/* Begin XCConfigurationList section */
		5A0C89FA29859DB2002AF471 /* Build configuration list for PBXProject "VKCup2022-Final" */ = {
			isa = XCConfigurationList;
			buildConfigurations = (
				5A0C8A1029859DB4002AF471 /* Debug */,
				5A0C8A1129859DB4002AF471 /* Release */,
			);
			defaultConfigurationIsVisible = 0;
			defaultConfigurationName = Release;
		};
		5A0C8A1229859DB4002AF471 /* Build configuration list for PBXNativeTarget "VKCup2022-Final" */ = {
			isa = XCConfigurationList;
			buildConfigurations = (
				5A0C8A1329859DB4002AF471 /* Debug */,
				5A0C8A1429859DB4002AF471 /* Release */,
			);
			defaultConfigurationIsVisible = 0;
			defaultConfigurationName = Release;
		};
/* End XCConfigurationList section */

/* Begin XCRemoteSwiftPackageReference section */
		5A64448A298858A800044920 /* XCRemoteSwiftPackageReference "NukeUI" */ = {
			isa = XCRemoteSwiftPackageReference;
			repositoryURL = "https://github.com/kean/NukeUI";
			requirement = {
				kind = upToNextMajorVersion;
				minimumVersion = 0.8.3;
			};
		};
/* End XCRemoteSwiftPackageReference section */

/* Begin XCSwiftPackageProductDependency section */
		5A64448B298858A800044920 /* NukeUI */ = {
			isa = XCSwiftPackageProductDependency;
			package = 5A64448A298858A800044920 /* XCRemoteSwiftPackageReference "NukeUI" */;
			productName = NukeUI;
		};
/* End XCSwiftPackageProductDependency section */
	};
	rootObject = 5A0C89F729859DB2002AF471 /* Project object */;
}
